// !$*UTF8*$!
{
	archiveVersion = 1;
	classes = {
	};
	objectVersion = 50;
	objects = {

/* Begin PBXBuildFile section */
		2669F0C723BF912E001413BB /* AppDelegate.swift in Sources */ = {isa = PBXBuildFile; fileRef = 2669F0C623BF912E001413BB /* AppDelegate.swift */; };
		2669F0D023BF9131001413BB /* Assets.xcassets in Resources */ = {isa = PBXBuildFile; fileRef = 2669F0CF23BF9131001413BB /* Assets.xcassets */; };
		2669F0D323BF9131001413BB /* LaunchScreen.storyboard in Resources */ = {isa = PBXBuildFile; fileRef = 2669F0D123BF9131001413BB /* LaunchScreen.storyboard */; };
		2669F0DC23BF9166001413BB /* PeopleLoaderVC.swift in Sources */ = {isa = PBXBuildFile; fileRef = 2669F0DA23BF9166001413BB /* PeopleLoaderVC.swift */; };
		2669F0DD23BF9166001413BB /* PeopleLoaderVC.xib in Resources */ = {isa = PBXBuildFile; fileRef = 2669F0DB23BF9166001413BB /* PeopleLoaderVC.xib */; };
		2669F0E023BF972F001413BB /* NetworkErrorVC.swift in Sources */ = {isa = PBXBuildFile; fileRef = 2669F0DE23BF972F001413BB /* NetworkErrorVC.swift */; };
		2669F0E123BF972F001413BB /* NetworkErrorVC.xib in Resources */ = {isa = PBXBuildFile; fileRef = 2669F0DF23BF972F001413BB /* NetworkErrorVC.xib */; };
		2669F0E423BF9740001413BB /* LoadingVC.swift in Sources */ = {isa = PBXBuildFile; fileRef = 2669F0E223BF9740001413BB /* LoadingVC.swift */; };
		2669F0E523BF9740001413BB /* LoadingVC.xib in Resources */ = {isa = PBXBuildFile; fileRef = 2669F0E323BF9740001413BB /* LoadingVC.xib */; };
		2669F0EC23BFA083001413BB /* EmptyVC.swift in Sources */ = {isa = PBXBuildFile; fileRef = 2669F0EA23BFA082001413BB /* EmptyVC.swift */; };
		2669F0ED23BFA083001413BB /* EmptyVC.xib in Resources */ = {isa = PBXBuildFile; fileRef = 2669F0EB23BFA082001413BB /* EmptyVC.xib */; };
		2669F0EF23BFA20F001413BB /* UIViewController+Extensions.swift in Sources */ = {isa = PBXBuildFile; fileRef = 2669F0EE23BFA20F001413BB /* UIViewController+Extensions.swift */; };
		2669F0F123BFA2E3001413BB /* PersonAPI.swift in Sources */ = {isa = PBXBuildFile; fileRef = 2669F0F023BFA2E3001413BB /* PersonAPI.swift */; };
		2669F0F323BFA2F1001413BB /* Person.swift in Sources */ = {isa = PBXBuildFile; fileRef = 2669F0F223BFA2F1001413BB /* Person.swift */; };
		2669F0F623BFB5E7001413BB /* PersonDetailVC.swift in Sources */ = {isa = PBXBuildFile; fileRef = 2669F0F423BFB5E7001413BB /* PersonDetailVC.swift */; };
		2669F0F723BFB5E7001413BB /* PersonDetailVC.xib in Resources */ = {isa = PBXBuildFile; fileRef = 2669F0F523BFB5E7001413BB /* PersonDetailVC.xib */; };
		2669F0FA23BFB761001413BB /* LongTextVC.swift in Sources */ = {isa = PBXBuildFile; fileRef = 2669F0F823BFB761001413BB /* LongTextVC.swift */; };
		2669F0FB23BFB761001413BB /* LongTextVC.xib in Resources */ = {isa = PBXBuildFile; fileRef = 2669F0F923BFB761001413BB /* LongTextVC.xib */; };
		2669F0FE23BFB7CF001413BB /* CircleImageWithLabelVC.swift in Sources */ = {isa = PBXBuildFile; fileRef = 2669F0FC23BFB7CF001413BB /* CircleImageWithLabelVC.swift */; };
		2669F0FF23BFB7CF001413BB /* CircleImageWithLabelVC.xib in Resources */ = {isa = PBXBuildFile; fileRef = 2669F0FD23BFB7CF001413BB /* CircleImageWithLabelVC.xib */; };
		2669F10323BFC7C0001413BB /* PeopleTVC.swift in Sources */ = {isa = PBXBuildFile; fileRef = 2669F10123BFC7C0001413BB /* PeopleTVC.swift */; };
		2669F10423BFC7C0001413BB /* PeopleTVC.xib in Resources */ = {isa = PBXBuildFile; fileRef = 2669F10223BFC7C0001413BB /* PeopleTVC.xib */; };
		2669F10E23BFCABA001413BB /* PersonDetailLoaderVC.swift in Sources */ = {isa = PBXBuildFile; fileRef = 2669F10C23BFCABA001413BB /* PersonDetailLoaderVC.swift */; };
		2669F10F23BFCABA001413BB /* PersonDetailLoaderVC.xib in Resources */ = {isa = PBXBuildFile; fileRef = 2669F10D23BFCABA001413BB /* PersonDetailLoaderVC.xib */; };
		2669F11B23C10761001413BB /* PersonBasic.swift in Sources */ = {isa = PBXBuildFile; fileRef = 2669F11A23C10761001413BB /* PersonBasic.swift */; };
/* End PBXBuildFile section */

/* Begin PBXFileReference section */
		2669F0C323BF912E001413BB /* ChildVC.app */ = {isa = PBXFileReference; explicitFileType = wrapper.application; includeInIndex = 0; path = ChildVC.app; sourceTree = BUILT_PRODUCTS_DIR; };
		2669F0C623BF912E001413BB /* AppDelegate.swift */ = {isa = PBXFileReference; lastKnownFileType = sourcecode.swift; path = AppDelegate.swift; sourceTree = "<group>"; };
		2669F0CF23BF9131001413BB /* Assets.xcassets */ = {isa = PBXFileReference; lastKnownFileType = folder.assetcatalog; path = Assets.xcassets; sourceTree = "<group>"; };
		2669F0D223BF9131001413BB /* Base */ = {isa = PBXFileReference; lastKnownFileType = file.storyboard; name = Base; path = Base.lproj/LaunchScreen.storyboard; sourceTree = "<group>"; };
		2669F0D423BF9131001413BB /* Info.plist */ = {isa = PBXFileReference; lastKnownFileType = text.plist.xml; path = Info.plist; sourceTree = "<group>"; };
		2669F0DA23BF9166001413BB /* PeopleLoaderVC.swift */ = {isa = PBXFileReference; lastKnownFileType = sourcecode.swift; path = PeopleLoaderVC.swift; sourceTree = "<group>"; };
		2669F0DB23BF9166001413BB /* PeopleLoaderVC.xib */ = {isa = PBXFileReference; lastKnownFileType = file.xib; path = PeopleLoaderVC.xib; sourceTree = "<group>"; };
		2669F0DE23BF972F001413BB /* NetworkErrorVC.swift */ = {isa = PBXFileReference; lastKnownFileType = sourcecode.swift; path = NetworkErrorVC.swift; sourceTree = "<group>"; };
		2669F0DF23BF972F001413BB /* NetworkErrorVC.xib */ = {isa = PBXFileReference; lastKnownFileType = file.xib; path = NetworkErrorVC.xib; sourceTree = "<group>"; };
		2669F0E223BF9740001413BB /* LoadingVC.swift */ = {isa = PBXFileReference; lastKnownFileType = sourcecode.swift; path = LoadingVC.swift; sourceTree = "<group>"; };
		2669F0E323BF9740001413BB /* LoadingVC.xib */ = {isa = PBXFileReference; lastKnownFileType = file.xib; path = LoadingVC.xib; sourceTree = "<group>"; };
		2669F0EA23BFA082001413BB /* EmptyVC.swift */ = {isa = PBXFileReference; lastKnownFileType = sourcecode.swift; path = EmptyVC.swift; sourceTree = "<group>"; };
		2669F0EB23BFA082001413BB /* EmptyVC.xib */ = {isa = PBXFileReference; lastKnownFileType = file.xib; path = EmptyVC.xib; sourceTree = "<group>"; };
		2669F0EE23BFA20F001413BB /* UIViewController+Extensions.swift */ = {isa = PBXFileReference; lastKnownFileType = sourcecode.swift; path = "UIViewController+Extensions.swift"; sourceTree = "<group>"; };
		2669F0F023BFA2E3001413BB /* PersonAPI.swift */ = {isa = PBXFileReference; lastKnownFileType = sourcecode.swift; path = PersonAPI.swift; sourceTree = "<group>"; };
		2669F0F223BFA2F1001413BB /* Person.swift */ = {isa = PBXFileReference; lastKnownFileType = sourcecode.swift; path = Person.swift; sourceTree = "<group>"; };
		2669F0F423BFB5E7001413BB /* PersonDetailVC.swift */ = {isa = PBXFileReference; lastKnownFileType = sourcecode.swift; path = PersonDetailVC.swift; sourceTree = "<group>"; };
		2669F0F523BFB5E7001413BB /* PersonDetailVC.xib */ = {isa = PBXFileReference; lastKnownFileType = file.xib; path = PersonDetailVC.xib; sourceTree = "<group>"; };
		2669F0F823BFB761001413BB /* LongTextVC.swift */ = {isa = PBXFileReference; lastKnownFileType = sourcecode.swift; path = LongTextVC.swift; sourceTree = "<group>"; };
		2669F0F923BFB761001413BB /* LongTextVC.xib */ = {isa = PBXFileReference; lastKnownFileType = file.xib; path = LongTextVC.xib; sourceTree = "<group>"; };
		2669F0FC23BFB7CF001413BB /* CircleImageWithLabelVC.swift */ = {isa = PBXFileReference; lastKnownFileType = sourcecode.swift; path = CircleImageWithLabelVC.swift; sourceTree = "<group>"; };
		2669F0FD23BFB7CF001413BB /* CircleImageWithLabelVC.xib */ = {isa = PBXFileReference; lastKnownFileType = file.xib; path = CircleImageWithLabelVC.xib; sourceTree = "<group>"; };
		2669F10123BFC7C0001413BB /* PeopleTVC.swift */ = {isa = PBXFileReference; lastKnownFileType = sourcecode.swift; path = PeopleTVC.swift; sourceTree = "<group>"; };
		2669F10223BFC7C0001413BB /* PeopleTVC.xib */ = {isa = PBXFileReference; lastKnownFileType = file.xib; path = PeopleTVC.xib; sourceTree = "<group>"; };
		2669F10C23BFCABA001413BB /* PersonDetailLoaderVC.swift */ = {isa = PBXFileReference; lastKnownFileType = sourcecode.swift; path = PersonDetailLoaderVC.swift; sourceTree = "<group>"; };
		2669F10D23BFCABA001413BB /* PersonDetailLoaderVC.xib */ = {isa = PBXFileReference; lastKnownFileType = file.xib; path = PersonDetailLoaderVC.xib; sourceTree = "<group>"; };
		2669F11A23C10761001413BB /* PersonBasic.swift */ = {isa = PBXFileReference; lastKnownFileType = sourcecode.swift; path = PersonBasic.swift; sourceTree = "<group>"; };
/* End PBXFileReference section */

/* Begin PBXFrameworksBuildPhase section */
		2669F0C023BF912E001413BB /* Frameworks */ = {
			isa = PBXFrameworksBuildPhase;
			buildActionMask = 2147483647;
			files = (
			);
			runOnlyForDeploymentPostprocessing = 0;
		};
/* End PBXFrameworksBuildPhase section */

/* Begin PBXGroup section */
		2669F0BA23BF912E001413BB = {
			isa = PBXGroup;
			children = (
				2669F0C523BF912E001413BB /* ChildVC */,
				2669F0C423BF912E001413BB /* Products */,
			);
			sourceTree = "<group>";
		};
		2669F0C423BF912E001413BB /* Products */ = {
			isa = PBXGroup;
			children = (
				2669F0C323BF912E001413BB /* ChildVC.app */,
			);
			name = Products;
			sourceTree = "<group>";
		};
		2669F0C523BF912E001413BB /* ChildVC */ = {
			isa = PBXGroup;
			children = (
				2669F0C623BF912E001413BB /* AppDelegate.swift */,
				2669F10923BFCA4A001413BB /* View Controllers */,
				2669F10723BFCA2B001413BB /* Model */,
				2669F10823BFCA32001413BB /* Extensions */,
				2669F0CF23BF9131001413BB /* Assets.xcassets */,
				2669F0D123BF9131001413BB /* LaunchScreen.storyboard */,
				2669F0D423BF9131001413BB /* Info.plist */,
			);
			path = ChildVC;
			sourceTree = "<group>";
		};
		2669F10523BFCA1C001413BB /* Person Detail */ = {
			isa = PBXGroup;
			children = (
				2669F10C23BFCABA001413BB /* PersonDetailLoaderVC.swift */,
				2669F10D23BFCABA001413BB /* PersonDetailLoaderVC.xib */,
				2669F0F423BFB5E7001413BB /* PersonDetailVC.swift */,
				2669F0F523BFB5E7001413BB /* PersonDetailVC.xib */,
			);
			path = "Person Detail";
			sourceTree = "<group>";
		};
		2669F10623BFCA24001413BB /* People List */ = {
			isa = PBXGroup;
			children = (
				2669F0DA23BF9166001413BB /* PeopleLoaderVC.swift */,
				2669F0DB23BF9166001413BB /* PeopleLoaderVC.xib */,
				2669F10123BFC7C0001413BB /* PeopleTVC.swift */,
				2669F10223BFC7C0001413BB /* PeopleTVC.xib */,
			);
			path = "People List";
			sourceTree = "<group>";
		};
		2669F10723BFCA2B001413BB /* Model */ = {
			isa = PBXGroup;
			children = (
				2669F0F023BFA2E3001413BB /* PersonAPI.swift */,
				2669F0F223BFA2F1001413BB /* Person.swift */,
				2669F11A23C10761001413BB /* PersonBasic.swift */,
			);
			path = Model;
			sourceTree = "<group>";
		};
		2669F10823BFCA32001413BB /* Extensions */ = {
			isa = PBXGroup;
			children = (
				2669F0EE23BFA20F001413BB /* UIViewController+Extensions.swift */,
			);
			path = Extensions;
			sourceTree = "<group>";
		};
		2669F10923BFCA4A001413BB /* View Controllers */ = {
			isa = PBXGroup;
			children = (
				2669F10623BFCA24001413BB /* People List */,
				2669F10523BFCA1C001413BB /* Person Detail */,
				2669F11023BFCB43001413BB /* Reusable */,
			);
			path = "View Controllers";
			sourceTree = "<group>";
		};
		2669F11023BFCB43001413BB /* Reusable */ = {
			isa = PBXGroup;
			children = (
				2669F11223BFEA5A001413BB /* Content Widgets */,
				2669F11123BFE8B7001413BB /* State Templates */,
			);
			path = Reusable;
			sourceTree = "<group>";
		};
		2669F11123BFE8B7001413BB /* State Templates */ = {
			isa = PBXGroup;
			children = (
				2669F0EA23BFA082001413BB /* EmptyVC.swift */,
				2669F0EB23BFA082001413BB /* EmptyVC.xib */,
				2669F0E223BF9740001413BB /* LoadingVC.swift */,
				2669F0E323BF9740001413BB /* LoadingVC.xib */,
				2669F0DE23BF972F001413BB /* NetworkErrorVC.swift */,
				2669F0DF23BF972F001413BB /* NetworkErrorVC.xib */,
			);
			path = "State Templates";
			sourceTree = "<group>";
		};
		2669F11223BFEA5A001413BB /* Content Widgets */ = {
			isa = PBXGroup;
			children = (
				2669F0FC23BFB7CF001413BB /* CircleImageWithLabelVC.swift */,
				2669F0FD23BFB7CF001413BB /* CircleImageWithLabelVC.xib */,
				2669F0F823BFB761001413BB /* LongTextVC.swift */,
				2669F0F923BFB761001413BB /* LongTextVC.xib */,
			);
			path = "Content Widgets";
			sourceTree = "<group>";
		};
/* End PBXGroup section */

/* Begin PBXNativeTarget section */
		2669F0C223BF912E001413BB /* ChildVC */ = {
			isa = PBXNativeTarget;
			buildConfigurationList = 2669F0D723BF9131001413BB /* Build configuration list for PBXNativeTarget "ChildVC" */;
			buildPhases = (
				2669F0BF23BF912E001413BB /* Sources */,
				2669F0C023BF912E001413BB /* Frameworks */,
				2669F0C123BF912E001413BB /* Resources */,
			);
			buildRules = (
			);
			dependencies = (
			);
			name = ChildVC;
			productName = ChildVC;
			productReference = 2669F0C323BF912E001413BB /* ChildVC.app */;
			productType = "com.apple.product-type.application";
		};
/* End PBXNativeTarget section */

/* Begin PBXProject section */
		2669F0BB23BF912E001413BB /* Project object */ = {
			isa = PBXProject;
			attributes = {
				LastSwiftUpdateCheck = 1130;
				LastUpgradeCheck = 1130;
				ORGANIZATIONNAME = "Kasey Baughan";
				TargetAttributes = {
					2669F0C223BF912E001413BB = {
						CreatedOnToolsVersion = 11.3;
					};
				};
			};
			buildConfigurationList = 2669F0BE23BF912E001413BB /* Build configuration list for PBXProject "ChildVC" */;
			compatibilityVersion = "Xcode 9.3";
			developmentRegion = en;
			hasScannedForEncodings = 0;
			knownRegions = (
				en,
				Base,
			);
			mainGroup = 2669F0BA23BF912E001413BB;
			productRefGroup = 2669F0C423BF912E001413BB /* Products */;
			projectDirPath = "";
			projectRoot = "";
			targets = (
				2669F0C223BF912E001413BB /* ChildVC */,
			);
		};
/* End PBXProject section */

/* Begin PBXResourcesBuildPhase section */
		2669F0C123BF912E001413BB /* Resources */ = {
			isa = PBXResourcesBuildPhase;
			buildActionMask = 2147483647;
			files = (
				2669F0E523BF9740001413BB /* LoadingVC.xib in Resources */,
				2669F0FF23BFB7CF001413BB /* CircleImageWithLabelVC.xib in Resources */,
				2669F0E123BF972F001413BB /* NetworkErrorVC.xib in Resources */,
				2669F10423BFC7C0001413BB /* PeopleTVC.xib in Resources */,
				2669F0D323BF9131001413BB /* LaunchScreen.storyboard in Resources */,
				2669F0DD23BF9166001413BB /* PeopleLoaderVC.xib in Resources */,
				2669F0FB23BFB761001413BB /* LongTextVC.xib in Resources */,
				2669F0ED23BFA083001413BB /* EmptyVC.xib in Resources */,
				2669F0F723BFB5E7001413BB /* PersonDetailVC.xib in Resources */,
				2669F10F23BFCABA001413BB /* PersonDetailLoaderVC.xib in Resources */,
				2669F0D023BF9131001413BB /* Assets.xcassets in Resources */,
			);
			runOnlyForDeploymentPostprocessing = 0;
		};
/* End PBXResourcesBuildPhase section */

/* Begin PBXSourcesBuildPhase section */
		2669F0BF23BF912E001413BB /* Sources */ = {
			isa = PBXSourcesBuildPhase;
			buildActionMask = 2147483647;
			files = (
				2669F0F623BFB5E7001413BB /* PersonDetailVC.swift in Sources */,
				2669F10323BFC7C0001413BB /* PeopleTVC.swift in Sources */,
				2669F0DC23BF9166001413BB /* PeopleLoaderVC.swift in Sources */,
				2669F0E423BF9740001413BB /* LoadingVC.swift in Sources */,
				2669F0E023BF972F001413BB /* NetworkErrorVC.swift in Sources */,
				2669F0F123BFA2E3001413BB /* PersonAPI.swift in Sources */,
				2669F0EF23BFA20F001413BB /* UIViewController+Extensions.swift in Sources */,
				2669F11B23C10761001413BB /* PersonBasic.swift in Sources */,
				2669F0FA23BFB761001413BB /* LongTextVC.swift in Sources */,
				2669F10E23BFCABA001413BB /* PersonDetailLoaderVC.swift in Sources */,
				2669F0F323BFA2F1001413BB /* Person.swift in Sources */,
				2669F0EC23BFA083001413BB /* EmptyVC.swift in Sources */,
				2669F0C723BF912E001413BB /* AppDelegate.swift in Sources */,
				2669F0FE23BFB7CF001413BB /* CircleImageWithLabelVC.swift in Sources */,
			);
			runOnlyForDeploymentPostprocessing = 0;
		};
/* End PBXSourcesBuildPhase section */

/* Begin PBXVariantGroup section */
		2669F0D123BF9131001413BB /* LaunchScreen.storyboard */ = {
			isa = PBXVariantGroup;
			children = (
				2669F0D223BF9131001413BB /* Base */,
			);
			name = LaunchScreen.storyboard;
			sourceTree = "<group>";
		};
/* End PBXVariantGroup section */

/* Begin XCBuildConfiguration section */
		2669F0D523BF9131001413BB /* Debug */ = {
			isa = XCBuildConfiguration;
			buildSettings = {
				ALWAYS_SEARCH_USER_PATHS = NO;
				CLANG_ANALYZER_NONNULL = YES;
				CLANG_ANALYZER_NUMBER_OBJECT_CONVERSION = YES_AGGRESSIVE;
				CLANG_CXX_LANGUAGE_STANDARD = "gnu++14";
				CLANG_CXX_LIBRARY = "libc++";
				CLANG_ENABLE_MODULES = YES;
				CLANG_ENABLE_OBJC_ARC = YES;
				CLANG_ENABLE_OBJC_WEAK = YES;
				CLANG_WARN_BLOCK_CAPTURE_AUTORELEASING = YES;
				CLANG_WARN_BOOL_CONVERSION = YES;
				CLANG_WARN_COMMA = YES;
				CLANG_WARN_CONSTANT_CONVERSION = YES;
				CLANG_WARN_DEPRECATED_OBJC_IMPLEMENTATIONS = YES;
				CLANG_WARN_DIRECT_OBJC_ISA_USAGE = YES_ERROR;
				CLANG_WARN_DOCUMENTATION_COMMENTS = YES;
				CLANG_WARN_EMPTY_BODY = YES;
				CLANG_WARN_ENUM_CONVERSION = YES;
				CLANG_WARN_INFINITE_RECURSION = YES;
				CLANG_WARN_INT_CONVERSION = YES;
				CLANG_WARN_NON_LITERAL_NULL_CONVERSION = YES;
				CLANG_WARN_OBJC_IMPLICIT_RETAIN_SELF = YES;
				CLANG_WARN_OBJC_LITERAL_CONVERSION = YES;
				CLANG_WARN_OBJC_ROOT_CLASS = YES_ERROR;
				CLANG_WARN_RANGE_LOOP_ANALYSIS = YES;
				CLANG_WARN_STRICT_PROTOTYPES = YES;
				CLANG_WARN_SUSPICIOUS_MOVE = YES;
				CLANG_WARN_UNGUARDED_AVAILABILITY = YES_AGGRESSIVE;
				CLANG_WARN_UNREACHABLE_CODE = YES;
				CLANG_WARN__DUPLICATE_METHOD_MATCH = YES;
				COPY_PHASE_STRIP = NO;
				DEBUG_INFORMATION_FORMAT = dwarf;
				ENABLE_STRICT_OBJC_MSGSEND = YES;
				ENABLE_TESTABILITY = YES;
				GCC_C_LANGUAGE_STANDARD = gnu11;
				GCC_DYNAMIC_NO_PIC = NO;
				GCC_NO_COMMON_BLOCKS = YES;
				GCC_OPTIMIZATION_LEVEL = 0;
				GCC_PREPROCESSOR_DEFINITIONS = (
					"DEBUG=1",
					"$(inherited)",
				);
				GCC_WARN_64_TO_32_BIT_CONVERSION = YES;
				GCC_WARN_ABOUT_RETURN_TYPE = YES_ERROR;
				GCC_WARN_UNDECLARED_SELECTOR = YES;
				GCC_WARN_UNINITIALIZED_AUTOS = YES_AGGRESSIVE;
				GCC_WARN_UNUSED_FUNCTION = YES;
				GCC_WARN_UNUSED_VARIABLE = YES;
				IPHONEOS_DEPLOYMENT_TARGET = 13.2;
				MTL_ENABLE_DEBUG_INFO = INCLUDE_SOURCE;
				MTL_FAST_MATH = YES;
				ONLY_ACTIVE_ARCH = YES;
				SDKROOT = iphoneos;
				SWIFT_ACTIVE_COMPILATION_CONDITIONS = DEBUG;
				SWIFT_OPTIMIZATION_LEVEL = "-Onone";
			};
			name = Debug;
		};
		2669F0D623BF9131001413BB /* Release */ = {
			isa = XCBuildConfiguration;
			buildSettings = {
				ALWAYS_SEARCH_USER_PATHS = NO;
				CLANG_ANALYZER_NONNULL = YES;
				CLANG_ANALYZER_NUMBER_OBJECT_CONVERSION = YES_AGGRESSIVE;
				CLANG_CXX_LANGUAGE_STANDARD = "gnu++14";
				CLANG_CXX_LIBRARY = "libc++";
				CLANG_ENABLE_MODULES = YES;
				CLANG_ENABLE_OBJC_ARC = YES;
				CLANG_ENABLE_OBJC_WEAK = YES;
				CLANG_WARN_BLOCK_CAPTURE_AUTORELEASING = YES;
				CLANG_WARN_BOOL_CONVERSION = YES;
				CLANG_WARN_COMMA = YES;
				CLANG_WARN_CONSTANT_CONVERSION = YES;
				CLANG_WARN_DEPRECATED_OBJC_IMPLEMENTATIONS = YES;
				CLANG_WARN_DIRECT_OBJC_ISA_USAGE = YES_ERROR;
				CLANG_WARN_DOCUMENTATION_COMMENTS = YES;
				CLANG_WARN_EMPTY_BODY = YES;
				CLANG_WARN_ENUM_CONVERSION = YES;
				CLANG_WARN_INFINITE_RECURSION = YES;
				CLANG_WARN_INT_CONVERSION = YES;
				CLANG_WARN_NON_LITERAL_NULL_CONVERSION = YES;
				CLANG_WARN_OBJC_IMPLICIT_RETAIN_SELF = YES;
				CLANG_WARN_OBJC_LITERAL_CONVERSION = YES;
				CLANG_WARN_OBJC_ROOT_CLASS = YES_ERROR;
				CLANG_WARN_RANGE_LOOP_ANALYSIS = YES;
				CLANG_WARN_STRICT_PROTOTYPES = YES;
				CLANG_WARN_SUSPICIOUS_MOVE = YES;
				CLANG_WARN_UNGUARDED_AVAILABILITY = YES_AGGRESSIVE;
				CLANG_WARN_UNREACHABLE_CODE = YES;
				CLANG_WARN__DUPLICATE_METHOD_MATCH = YES;
				COPY_PHASE_STRIP = NO;
				DEBUG_INFORMATION_FORMAT = "dwarf-with-dsym";
				ENABLE_NS_ASSERTIONS = NO;
				ENABLE_STRICT_OBJC_MSGSEND = YES;
				GCC_C_LANGUAGE_STANDARD = gnu11;
				GCC_NO_COMMON_BLOCKS = YES;
				GCC_WARN_64_TO_32_BIT_CONVERSION = YES;
				GCC_WARN_ABOUT_RETURN_TYPE = YES_ERROR;
				GCC_WARN_UNDECLARED_SELECTOR = YES;
				GCC_WARN_UNINITIALIZED_AUTOS = YES_AGGRESSIVE;
				GCC_WARN_UNUSED_FUNCTION = YES;
				GCC_WARN_UNUSED_VARIABLE = YES;
				IPHONEOS_DEPLOYMENT_TARGET = 13.2;
				MTL_ENABLE_DEBUG_INFO = NO;
				MTL_FAST_MATH = YES;
				SDKROOT = iphoneos;
				SWIFT_COMPILATION_MODE = wholemodule;
				SWIFT_OPTIMIZATION_LEVEL = "-O";
				VALIDATE_PRODUCT = YES;
			};
			name = Release;
		};
		2669F0D823BF9131001413BB /* Debug */ = {
			isa = XCBuildConfiguration;
			buildSettings = {
				ASSETCATALOG_COMPILER_APPICON_NAME = AppIcon;
				CODE_SIGN_STYLE = Automatic;
				DEVELOPMENT_TEAM = F9E934J8Z2;
				INFOPLIST_FILE = ChildVC/Info.plist;
				LD_RUNPATH_SEARCH_PATHS = (
					"$(inherited)",
					"@executable_path/Frameworks",
				);
				PRODUCT_BUNDLE_IDENTIFIER = com.kaseybaughan.ChildVC;
				PRODUCT_NAME = "$(TARGET_NAME)";
				SWIFT_VERSION = 5.0;
				TARGETED_DEVICE_FAMILY = "1,2";
			};
			name = Debug;
		};
		2669F0D923BF9131001413BB /* Release */ = {
			isa = XCBuildConfiguration;
			buildSettings = {
				ASSETCATALOG_COMPILER_APPICON_NAME = AppIcon;
				CODE_SIGN_STYLE = Automatic;
				DEVELOPMENT_TEAM = F9E934J8Z2;
				INFOPLIST_FILE = ChildVC/Info.plist;
				LD_RUNPATH_SEARCH_PATHS = (
					"$(inherited)",
					"@executable_path/Frameworks",
				);
				PRODUCT_BUNDLE_IDENTIFIER = com.kaseybaughan.ChildVC;
				PRODUCT_NAME = "$(TARGET_NAME)";
				SWIFT_VERSION = 5.0;
				TARGETED_DEVICE_FAMILY = "1,2";
			};
			name = Release;
		};
/* End XCBuildConfiguration section */

/* Begin XCConfigurationList section */
		2669F0BE23BF912E001413BB /* Build configuration list for PBXProject "ChildVC" */ = {
			isa = XCConfigurationList;
			buildConfigurations = (
				2669F0D523BF9131001413BB /* Debug */,
				2669F0D623BF9131001413BB /* Release */,
			);
			defaultConfigurationIsVisible = 0;
			defaultConfigurationName = Release;
		};
		2669F0D723BF9131001413BB /* Build configuration list for PBXNativeTarget "ChildVC" */ = {
			isa = XCConfigurationList;
			buildConfigurations = (
				2669F0D823BF9131001413BB /* Debug */,
				2669F0D923BF9131001413BB /* Release */,
			);
			defaultConfigurationIsVisible = 0;
			defaultConfigurationName = Release;
		};
/* End XCConfigurationList section */
	};
	rootObject = 2669F0BB23BF912E001413BB /* Project object */;
}
